
Microsoft Visual Studio Solution File, Format Version 12.00
# Visual Studio Version 17
VisualStudioVersion = 17.8.34511.84
MinimumVisualStudioVersion = 10.0.40219.1
Project("{FAE04EC0-301F-11D3-BF4B-00C04F79EFBC}") = "Final_Task", "Final_Task\Final_Task.csproj", "{0893CE70-CACC-4E71-902B-C06C9060C15E}"
EndProject
Project("{FAE04EC0-301F-11D3-BF4B-00C04F79EFBC}") = "Final_Task_Test", "Final_Task_Test\Final_Task_Test.csproj", "{885CE02F-D2E7-4946-8D9A-68F33D1121D6}"
EndProject
Global
	GlobalSection(SolutionConfigurationPlatforms) = preSolution
		Debug|Any CPU = Debug|Any CPU
		Release|Any CPU = Release|Any CPU
	EndGlobalSection
	GlobalSection(ProjectConfigurationPlatforms) = postSolution
		{0893CE70-CACC-4E71-902B-C06C9060C15E}.Debug|Any CPU.ActiveCfg = Debug|Any CPU
		{0893CE70-CACC-4E71-902B-C06C9060C15E}.Debug|Any CPU.Build.0 = Debug|Any CPU
		{0893CE70-CACC-4E71-902B-C06C9060C15E}.Release|Any CPU.ActiveCfg = Release|Any CPU
		{0893CE70-CACC-4E71-902B-C06C9060C15E}.Release|Any CPU.Build.0 = Release|Any CPU
		{885CE02F-D2E7-4946-8D9A-68F33D1121D6}.Debug|Any CPU.ActiveCfg = Debug|Any CPU
		{885CE02F-D2E7-4946-8D9A-68F33D1121D6}.Debug|Any CPU.Build.0 = Debug|Any CPU
		{885CE02F-D2E7-4946-8D9A-68F33D1121D6}.Release|Any CPU.ActiveCfg = Release|Any CPU
		{885CE02F-D2E7-4946-8D9A-68F33D1121D6}.Release|Any CPU.Build.0 = Release|Any CPU
	EndGlobalSection
	GlobalSection(SolutionProperties) = preSolution
		HideSolutionNode = FALSE
	EndGlobalSection
	GlobalSection(ExtensibilityGlobals) = postSolution
		SolutionGuid = {ABDA616A-E974-4BA1-8948-6DC8CDC62E3A}
	EndGlobalSection
EndGlobal
